
Microsoft Visual Studio Solution File, Format Version 12.00
# Visual Studio 2012
Project("{FAE04EC0-301F-11D3-BF4B-00C04F79EFBC}") = "Phoneword_iOS", "Phoneword_iOS\Phoneword_iOS.csproj", "{5046ACC8-BBA2-4E00-BA1D-32791588FB1A}"
EndProject
Global
	GlobalSection(SolutionConfigurationPlatforms) = preSolution
		Debug|iPhoneSimulator = Debug|iPhoneSimulator
		Release|iPhone = Release|iPhone
		Release|iPhoneSimulator = Release|iPhoneSimulator
		Debug|iPhone = Debug|iPhone
	EndGlobalSection
	GlobalSection(ProjectConfigurationPlatforms) = postSolution
		{5046ACC8-BBA2-4E00-BA1D-32791588FB1A}.Debug|iPhoneSimulator.ActiveCfg = Debug|iPhoneSimulator
		{5046ACC8-BBA2-4E00-BA1D-32791588FB1A}.Debug|iPhoneSimulator.Build.0 = Debug|iPhoneSimulator
		{5046ACC8-BBA2-4E00-BA1D-32791588FB1A}.Release|iPhone.ActiveCfg = Release|iPhone
		{5046ACC8-BBA2-4E00-BA1D-32791588FB1A}.Release|iPhone.Build.0 = Release|iPhone
		{5046ACC8-BBA2-4E00-BA1D-32791588FB1A}.Release|iPhoneSimulator.ActiveCfg = Release|iPhoneSimulator
		{5046ACC8-BBA2-4E00-BA1D-32791588FB1A}.Release|iPhoneSimulator.Build.0 = Release|iPhoneSimulator
		{5046ACC8-BBA2-4E00-BA1D-32791588FB1A}.Debug|iPhone.ActiveCfg = Debug|iPhone
		{5046ACC8-BBA2-4E00-BA1D-32791588FB1A}.Debug|iPhone.Build.0 = Debug|iPhone
	EndGlobalSection
EndGlobal
